
Microsoft Visual Studio Solution File, Format Version 12.00
# Visual Studio Version 16
VisualStudioVersion = 16.0.29418.71
MinimumVisualStudioVersion = 10.0.40219.1
Project("{9A19103F-16F7-4668-BE54-9A1E7A4F7556}") = "CodeSnippets", "CodeSnippets\CodeSnippets.csproj", "{DECEE460-D8C4-4555-9B1F-CDBA65FD9A86}"
EndProject
Project("{9A19103F-16F7-4668-BE54-9A1E7A4F7556}") = "DelegateExamples", "DelegateExamples\DelegateExamples.csproj", "{B1F22FBA-66A2-4D0E-8726-9DB068F0A020}"
EndProject
Project("{9A19103F-16F7-4668-BE54-9A1E7A4F7556}") = "ExtensionMethodsExamples", "ExtensionMethodsExamples\ExtensionMethodsExamples.csproj", "{77301ABF-5DF8-4859-9F8E-2636FD1B9C5D}"
EndProject
Project("{9A19103F-16F7-4668-BE54-9A1E7A4F7556}") = "AsyncAwaitExamples", "AsyncAwaitExamples\AsyncAwaitExamples.csproj", "{18AC7D2B-65C4-41EF-B359-1E8E5D3B268B}"
EndProject
Project("{9A19103F-16F7-4668-BE54-9A1E7A4F7556}") = "70-483", "70-483\70-483.csproj", "{26ABF68B-5AF4-4F5C-8B05-D4011E83F70D}"
EndProject
Project("{FAE04EC0-301F-11D3-BF4B-00C04F79EFBC}") = "MusicStorage", "MusicStorage\MusicStorage.csproj", "{249B263E-716A-474F-8C83-9AEFB9C4DAB1}"
EndProject
Project("{FAE04EC0-301F-11D3-BF4B-00C04F79EFBC}") = "70-483_USING_NET_FRAMEWORK", "70-483_USING_NET_FRAMEWORK\70-483_USING_NET_FRAMEWORK.csproj", "{C51A9BBA-2500-4FB6-8B5D-152476E9CF65}"
EndProject
Project("{FAE04EC0-301F-11D3-BF4B-00C04F79EFBC}") = "MathLibrary", "MathLibrary\MathLibrary.csproj", "{4F02522D-69FE-405B-8938-E988CC70A8DC}"
EndProject
Project("{9A19103F-16F7-4668-BE54-9A1E7A4F7556}") = "AspNetCoreRazorPages", "AspNetCoreRazorPages\AspNetCoreRazorPages.csproj", "{557CFCA2-C11D-41D8-91C2-19D7784987E7}"
EndProject
Project("{9A19103F-16F7-4668-BE54-9A1E7A4F7556}") = "ASPNETCoreWebApp", "ASPNETCoreWebApp\ASPNETCoreWebApp.csproj", "{A55C1FBD-AF89-4EA3-A03A-960569091561}"
EndProject
Project("{FAE04EC0-301F-11D3-BF4B-00C04F79EFBC}") = "ASPNETWebApp", "ASPNETWebApp\ASPNETWebApp.csproj", "{106467C2-668C-46C5-9B7C-E5EB5E496D18}"
EndProject
Project("{FAE04EC0-301F-11D3-BF4B-00C04F79EFBC}") = "WebServiceProvider", "WebServiceProvider\WebServiceProvider.csproj", "{7042333D-0DCB-46E7-9F6A-0073BD0CC8EB}"
EndProject
Project("{FAE04EC0-301F-11D3-BF4B-00C04F79EFBC}") = "UnitTestProject", "UnitTestProject\UnitTestProject.csproj", "{0448B784-B902-495E-AFE3-CE341C63B746}"
EndProject
Project("{FAE04EC0-301F-11D3-BF4B-00C04F79EFBC}") = "XUnitTestAspNetCore", "XUnitTestAspNetCore\XUnitTestAspNetCore.csproj", "{39123A38-E3DC-4923-A076-8215F1C5318D}"
EndProject
Project("{9A19103F-16F7-4668-BE54-9A1E7A4F7556}") = "EFCoreDBDemo", "EFCoreDBDemo\EFCoreDBDemo.csproj", "{CF9C38E0-41C4-45CC-88AF-5139233174E9}"
EndProject
Project("{FAE04EC0-301F-11D3-BF4B-00C04F79EFBC}") = "AspNetWebApi", "AspNetWebApi\AspNetWebApi.csproj", "{919C25EE-8A30-429E-8ABC-A8B10683965A}"
EndProject
Project("{FAE04EC0-301F-11D3-BF4B-00C04F79EFBC}") = "WcfServiceLibrary", "WcfServiceLibrary\WcfServiceLibrary.csproj", "{D0B0FADF-AF49-4F53-8503-51293A0CE854}"
EndProject
Project("{9A19103F-16F7-4668-BE54-9A1E7A4F7556}") = "AspNetCoreWebApi", "AspNetCoreWebApi\AspNetCoreWebApi.csproj", "{B8132FFF-BA7F-4A24-A511-B39257BCC9AB}"
EndProject
Project("{9A19103F-16F7-4668-BE54-9A1E7A4F7556}") = "DataLibrary", "DataLibrary\DataLibrary.csproj", "{FD89DCC9-4643-4A2D-B723-A878598BCB12}"
EndProject
Project("{9A19103F-16F7-4668-BE54-9A1E7A4F7556}") = "DataLibraryDapper", "DataLibraryDapper\DataLibraryDapper.csproj", "{ECC67DD4-6230-464E-9AEC-1B051F1A171E}"
EndProject
Project("{9A19103F-16F7-4668-BE54-9A1E7A4F7556}") = "ConsoleWithDI", "ConsoleWithDI\ConsoleWithDI.csproj", "{9B62521E-010B-4B79-826D-57C38DC4BED2}"
EndProject
Project("{9A19103F-16F7-4668-BE54-9A1E7A4F7556}") = "RandomString", "RandomString\RandomString.csproj", "{D9D542B6-9D4E-4683-A84F-14D99F008E0C}"
EndProject
Project("{9A19103F-16F7-4668-BE54-9A1E7A4F7556}") = "RandomStringTests", "RandomStringTests\RandomStringTests.csproj", "{F9130E13-E616-4F41-913D-27148475F734}"
EndProject
Project("{9A19103F-16F7-4668-BE54-9A1E7A4F7556}") = "TipCalc.Core", "TipCalc.Core\TipCalc.Core.csproj", "{9DC13D73-E341-4FE7-840C-78B4C402E264}"
EndProject
Project("{FAE04EC0-301F-11D3-BF4B-00C04F79EFBC}") = "TipCalc.WPF", "TipCalc.WPF\TipCalc.WPF.csproj", "{22F167E9-5164-4B3C-A461-A4407985EAFA}"
EndProject
Project("{9A19103F-16F7-4668-BE54-9A1E7A4F7556}") = "RandomStringGeneratorLibrary", "RandomStringGeneratorLibrary\RandomStringGeneratorLibrary.csproj", "{AC423243-7099-4F9E-BEFA-07F4C635DE45}"
EndProject
Project("{9A19103F-16F7-4668-BE54-9A1E7A4F7556}") = "RandomStringGeneratorClient", "RandomStringGeneratorClient\RandomStringGeneratorClient.csproj", "{5FF325B5-F26D-45A5-A4B4-3D3A56AC3DEC}"
EndProject
Project("{FAE04EC0-301F-11D3-BF4B-00C04F79EFBC}") = "RandomStringGeneratorWpfClient", "RandomStringGeneratorWpfClient\RandomStringGeneratorWpfClient.csproj", "{DDD59B6F-6DEF-42EF-84D3-5C5AAAAB0622}"
EndProject
Global
	GlobalSection(SolutionConfigurationPlatforms) = preSolution
		Debug|Any CPU = Debug|Any CPU
		Debug|iPhone = Debug|iPhone
		Debug|iPhoneSimulator = Debug|iPhoneSimulator
		Debug|x64 = Debug|x64
		Debug|x86 = Debug|x86
		Release|Any CPU = Release|Any CPU
		Release|iPhone = Release|iPhone
		Release|iPhoneSimulator = Release|iPhoneSimulator
		Release|x64 = Release|x64
		Release|x86 = Release|x86
	EndGlobalSection
	GlobalSection(ProjectConfigurationPlatforms) = postSolution
		{DECEE460-D8C4-4555-9B1F-CDBA65FD9A86}.Debug|Any CPU.ActiveCfg = Debug|Any CPU
		{DECEE460-D8C4-4555-9B1F-CDBA65FD9A86}.Debug|Any CPU.Build.0 = Debug|Any CPU
		{DECEE460-D8C4-4555-9B1F-CDBA65FD9A86}.Debug|iPhone.ActiveCfg = Debug|Any CPU
		{DECEE460-D8C4-4555-9B1F-CDBA65FD9A86}.Debug|iPhoneSimulator.ActiveCfg = Debug|Any CPU
		{DECEE460-D8C4-4555-9B1F-CDBA65FD9A86}.Debug|x64.ActiveCfg = Debug|Any CPU
		{DECEE460-D8C4-4555-9B1F-CDBA65FD9A86}.Debug|x64.Build.0 = Debug|Any CPU
		{DECEE460-D8C4-4555-9B1F-CDBA65FD9A86}.Debug|x86.ActiveCfg = Debug|Any CPU
		{DECEE460-D8C4-4555-9B1F-CDBA65FD9A86}.Debug|x86.Build.0 = Debug|Any CPU
		{DECEE460-D8C4-4555-9B1F-CDBA65FD9A86}.Release|Any CPU.ActiveCfg = Release|Any CPU
		{DECEE460-D8C4-4555-9B1F-CDBA65FD9A86}.Release|Any CPU.Build.0 = Release|Any CPU
		{DECEE460-D8C4-4555-9B1F-CDBA65FD9A86}.Release|iPhone.ActiveCfg = Release|Any CPU
		{DECEE460-D8C4-4555-9B1F-CDBA65FD9A86}.Release|iPhoneSimulator.ActiveCfg = Release|Any CPU
		{DECEE460-D8C4-4555-9B1F-CDBA65FD9A86}.Release|x64.ActiveCfg = Release|Any CPU
		{DECEE460-D8C4-4555-9B1F-CDBA65FD9A86}.Release|x64.Build.0 = Release|Any CPU
		{DECEE460-D8C4-4555-9B1F-CDBA65FD9A86}.Release|x86.ActiveCfg = Release|Any CPU
		{DECEE460-D8C4-4555-9B1F-CDBA65FD9A86}.Release|x86.Build.0 = Release|Any CPU
		{B1F22FBA-66A2-4D0E-8726-9DB068F0A020}.Debug|Any CPU.ActiveCfg = Debug|Any CPU
		{B1F22FBA-66A2-4D0E-8726-9DB068F0A020}.Debug|Any CPU.Build.0 = Debug|Any CPU
		{B1F22FBA-66A2-4D0E-8726-9DB068F0A020}.Debug|iPhone.ActiveCfg = Debug|Any CPU
		{B1F22FBA-66A2-4D0E-8726-9DB068F0A020}.Debug|iPhoneSimulator.ActiveCfg = Debug|Any CPU
		{B1F22FBA-66A2-4D0E-8726-9DB068F0A020}.Debug|x64.ActiveCfg = Debug|Any CPU
		{B1F22FBA-66A2-4D0E-8726-9DB068F0A020}.Debug|x64.Build.0 = Debug|Any CPU
		{B1F22FBA-66A2-4D0E-8726-9DB068F0A020}.Debug|x86.ActiveCfg = Debug|Any CPU
		{B1F22FBA-66A2-4D0E-8726-9DB068F0A020}.Debug|x86.Build.0 = Debug|Any CPU
		{B1F22FBA-66A2-4D0E-8726-9DB068F0A020}.Release|Any CPU.ActiveCfg = Release|Any CPU
		{B1F22FBA-66A2-4D0E-8726-9DB068F0A020}.Release|Any CPU.Build.0 = Release|Any CPU
		{B1F22FBA-66A2-4D0E-8726-9DB068F0A020}.Release|iPhone.ActiveCfg = Release|Any CPU
		{B1F22FBA-66A2-4D0E-8726-9DB068F0A020}.Release|iPhoneSimulator.ActiveCfg = Release|Any CPU
		{B1F22FBA-66A2-4D0E-8726-9DB068F0A020}.Release|x64.ActiveCfg = Release|Any CPU
		{B1F22FBA-66A2-4D0E-8726-9DB068F0A020}.Release|x64.Build.0 = Release|Any CPU
		{B1F22FBA-66A2-4D0E-8726-9DB068F0A020}.Release|x86.ActiveCfg = Release|Any CPU
		{B1F22FBA-66A2-4D0E-8726-9DB068F0A020}.Release|x86.Build.0 = Release|Any CPU
		{77301ABF-5DF8-4859-9F8E-2636FD1B9C5D}.Debug|Any CPU.ActiveCfg = Debug|Any CPU
		{77301ABF-5DF8-4859-9F8E-2636FD1B9C5D}.Debug|Any CPU.Build.0 = Debug|Any CPU
		{77301ABF-5DF8-4859-9F8E-2636FD1B9C5D}.Debug|iPhone.ActiveCfg = Debug|Any CPU
		{77301ABF-5DF8-4859-9F8E-2636FD1B9C5D}.Debug|iPhoneSimulator.ActiveCfg = Debug|Any CPU
		{77301ABF-5DF8-4859-9F8E-2636FD1B9C5D}.Debug|x64.ActiveCfg = Debug|Any CPU
		{77301ABF-5DF8-4859-9F8E-2636FD1B9C5D}.Debug|x64.Build.0 = Debug|Any CPU
		{77301ABF-5DF8-4859-9F8E-2636FD1B9C5D}.Debug|x86.ActiveCfg = Debug|Any CPU
		{77301ABF-5DF8-4859-9F8E-2636FD1B9C5D}.Debug|x86.Build.0 = Debug|Any CPU
		{77301ABF-5DF8-4859-9F8E-2636FD1B9C5D}.Release|Any CPU.ActiveCfg = Release|Any CPU
		{77301ABF-5DF8-4859-9F8E-2636FD1B9C5D}.Release|Any CPU.Build.0 = Release|Any CPU
		{77301ABF-5DF8-4859-9F8E-2636FD1B9C5D}.Release|iPhone.ActiveCfg = Release|Any CPU
		{77301ABF-5DF8-4859-9F8E-2636FD1B9C5D}.Release|iPhoneSimulator.ActiveCfg = Release|Any CPU
		{77301ABF-5DF8-4859-9F8E-2636FD1B9C5D}.Release|x64.ActiveCfg = Release|Any CPU
		{77301ABF-5DF8-4859-9F8E-2636FD1B9C5D}.Release|x64.Build.0 = Release|Any CPU
		{77301ABF-5DF8-4859-9F8E-2636FD1B9C5D}.Release|x86.ActiveCfg = Release|Any CPU
		{77301ABF-5DF8-4859-9F8E-2636FD1B9C5D}.Release|x86.Build.0 = Release|Any CPU
		{18AC7D2B-65C4-41EF-B359-1E8E5D3B268B}.Debug|Any CPU.ActiveCfg = Debug|Any CPU
		{18AC7D2B-65C4-41EF-B359-1E8E5D3B268B}.Debug|Any CPU.Build.0 = Debug|Any CPU
		{18AC7D2B-65C4-41EF-B359-1E8E5D3B268B}.Debug|iPhone.ActiveCfg = Debug|Any CPU
		{18AC7D2B-65C4-41EF-B359-1E8E5D3B268B}.Debug|iPhoneSimulator.ActiveCfg = Debug|Any CPU
		{18AC7D2B-65C4-41EF-B359-1E8E5D3B268B}.Debug|x64.ActiveCfg = Debug|Any CPU
		{18AC7D2B-65C4-41EF-B359-1E8E5D3B268B}.Debug|x64.Build.0 = Debug|Any CPU
		{18AC7D2B-65C4-41EF-B359-1E8E5D3B268B}.Debug|x86.ActiveCfg = Debug|Any CPU
		{18AC7D2B-65C4-41EF-B359-1E8E5D3B268B}.Debug|x86.Build.0 = Debug|Any CPU
		{18AC7D2B-65C4-41EF-B359-1E8E5D3B268B}.Release|Any CPU.ActiveCfg = Release|Any CPU
		{18AC7D2B-65C4-41EF-B359-1E8E5D3B268B}.Release|Any CPU.Build.0 = Release|Any CPU
		{18AC7D2B-65C4-41EF-B359-1E8E5D3B268B}.Release|iPhone.ActiveCfg = Release|Any CPU
		{18AC7D2B-65C4-41EF-B359-1E8E5D3B268B}.Release|iPhoneSimulator.ActiveCfg = Release|Any CPU
		{18AC7D2B-65C4-41EF-B359-1E8E5D3B268B}.Release|x64.ActiveCfg = Release|Any CPU
		{18AC7D2B-65C4-41EF-B359-1E8E5D3B268B}.Release|x64.Build.0 = Release|Any CPU
		{18AC7D2B-65C4-41EF-B359-1E8E5D3B268B}.Release|x86.ActiveCfg = Release|Any CPU
		{18AC7D2B-65C4-41EF-B359-1E8E5D3B268B}.Release|x86.Build.0 = Release|Any CPU
		{26ABF68B-5AF4-4F5C-8B05-D4011E83F70D}.Debug|Any CPU.ActiveCfg = Debug|Any CPU
		{26ABF68B-5AF4-4F5C-8B05-D4011E83F70D}.Debug|Any CPU.Build.0 = Debug|Any CPU
		{26ABF68B-5AF4-4F5C-8B05-D4011E83F70D}.Debug|iPhone.ActiveCfg = Debug|Any CPU
		{26ABF68B-5AF4-4F5C-8B05-D4011E83F70D}.Debug|iPhoneSimulator.ActiveCfg = Debug|Any CPU
		{26ABF68B-5AF4-4F5C-8B05-D4011E83F70D}.Debug|x64.ActiveCfg = Debug|Any CPU
		{26ABF68B-5AF4-4F5C-8B05-D4011E83F70D}.Debug|x64.Build.0 = Debug|Any CPU
		{26ABF68B-5AF4-4F5C-8B05-D4011E83F70D}.Debug|x86.ActiveCfg = Debug|Any CPU
		{26ABF68B-5AF4-4F5C-8B05-D4011E83F70D}.Debug|x86.Build.0 = Debug|Any CPU
		{26ABF68B-5AF4-4F5C-8B05-D4011E83F70D}.Release|Any CPU.ActiveCfg = Release|Any CPU
		{26ABF68B-5AF4-4F5C-8B05-D4011E83F70D}.Release|Any CPU.Build.0 = Release|Any CPU
		{26ABF68B-5AF4-4F5C-8B05-D4011E83F70D}.Release|iPhone.ActiveCfg = Release|Any CPU
		{26ABF68B-5AF4-4F5C-8B05-D4011E83F70D}.Release|iPhoneSimulator.ActiveCfg = Release|Any CPU
		{26ABF68B-5AF4-4F5C-8B05-D4011E83F70D}.Release|x64.ActiveCfg = Release|Any CPU
		{26ABF68B-5AF4-4F5C-8B05-D4011E83F70D}.Release|x64.Build.0 = Release|Any CPU
		{26ABF68B-5AF4-4F5C-8B05-D4011E83F70D}.Release|x86.ActiveCfg = Release|Any CPU
		{26ABF68B-5AF4-4F5C-8B05-D4011E83F70D}.Release|x86.Build.0 = Release|Any CPU
		{249B263E-716A-474F-8C83-9AEFB9C4DAB1}.Debug|Any CPU.ActiveCfg = Debug|Any CPU
		{249B263E-716A-474F-8C83-9AEFB9C4DAB1}.Debug|Any CPU.Build.0 = Debug|Any CPU
		{249B263E-716A-474F-8C83-9AEFB9C4DAB1}.Debug|iPhone.ActiveCfg = Debug|Any CPU
		{249B263E-716A-474F-8C83-9AEFB9C4DAB1}.Debug|iPhoneSimulator.ActiveCfg = Debug|Any CPU
		{249B263E-716A-474F-8C83-9AEFB9C4DAB1}.Debug|x64.ActiveCfg = Debug|Any CPU
		{249B263E-716A-474F-8C83-9AEFB9C4DAB1}.Debug|x64.Build.0 = Debug|Any CPU
		{249B263E-716A-474F-8C83-9AEFB9C4DAB1}.Debug|x86.ActiveCfg = Debug|Any CPU
		{249B263E-716A-474F-8C83-9AEFB9C4DAB1}.Debug|x86.Build.0 = Debug|Any CPU
		{249B263E-716A-474F-8C83-9AEFB9C4DAB1}.Release|Any CPU.ActiveCfg = Release|Any CPU
		{249B263E-716A-474F-8C83-9AEFB9C4DAB1}.Release|Any CPU.Build.0 = Release|Any CPU
		{249B263E-716A-474F-8C83-9AEFB9C4DAB1}.Release|iPhone.ActiveCfg = Release|Any CPU
		{249B263E-716A-474F-8C83-9AEFB9C4DAB1}.Release|iPhoneSimulator.ActiveCfg = Release|Any CPU
		{249B263E-716A-474F-8C83-9AEFB9C4DAB1}.Release|x64.ActiveCfg = Release|Any CPU
		{249B263E-716A-474F-8C83-9AEFB9C4DAB1}.Release|x64.Build.0 = Release|Any CPU
		{249B263E-716A-474F-8C83-9AEFB9C4DAB1}.Release|x86.ActiveCfg = Release|Any CPU
		{249B263E-716A-474F-8C83-9AEFB9C4DAB1}.Release|x86.Build.0 = Release|Any CPU
		{C51A9BBA-2500-4FB6-8B5D-152476E9CF65}.Debug|Any CPU.ActiveCfg = Debug|Any CPU
		{C51A9BBA-2500-4FB6-8B5D-152476E9CF65}.Debug|Any CPU.Build.0 = Debug|Any CPU
		{C51A9BBA-2500-4FB6-8B5D-152476E9CF65}.Debug|iPhone.ActiveCfg = Debug|Any CPU
		{C51A9BBA-2500-4FB6-8B5D-152476E9CF65}.Debug|iPhoneSimulator.ActiveCfg = Debug|Any CPU
		{C51A9BBA-2500-4FB6-8B5D-152476E9CF65}.Debug|x64.ActiveCfg = Debug|Any CPU
		{C51A9BBA-2500-4FB6-8B5D-152476E9CF65}.Debug|x64.Build.0 = Debug|Any CPU
		{C51A9BBA-2500-4FB6-8B5D-152476E9CF65}.Debug|x86.ActiveCfg = Debug|Any CPU
		{C51A9BBA-2500-4FB6-8B5D-152476E9CF65}.Debug|x86.Build.0 = Debug|Any CPU
		{C51A9BBA-2500-4FB6-8B5D-152476E9CF65}.Release|Any CPU.ActiveCfg = Release|Any CPU
		{C51A9BBA-2500-4FB6-8B5D-152476E9CF65}.Release|Any CPU.Build.0 = Release|Any CPU
		{C51A9BBA-2500-4FB6-8B5D-152476E9CF65}.Release|iPhone.ActiveCfg = Release|Any CPU
		{C51A9BBA-2500-4FB6-8B5D-152476E9CF65}.Release|iPhoneSimulator.ActiveCfg = Release|Any CPU
		{C51A9BBA-2500-4FB6-8B5D-152476E9CF65}.Release|x64.ActiveCfg = Release|Any CPU
		{C51A9BBA-2500-4FB6-8B5D-152476E9CF65}.Release|x64.Build.0 = Release|Any CPU
		{C51A9BBA-2500-4FB6-8B5D-152476E9CF65}.Release|x86.ActiveCfg = Release|Any CPU
		{C51A9BBA-2500-4FB6-8B5D-152476E9CF65}.Release|x86.Build.0 = Release|Any CPU
		{4F02522D-69FE-405B-8938-E988CC70A8DC}.Debug|Any CPU.ActiveCfg = Debug|Any CPU
		{4F02522D-69FE-405B-8938-E988CC70A8DC}.Debug|Any CPU.Build.0 = Debug|Any CPU
		{4F02522D-69FE-405B-8938-E988CC70A8DC}.Debug|iPhone.ActiveCfg = Debug|Any CPU
		{4F02522D-69FE-405B-8938-E988CC70A8DC}.Debug|iPhoneSimulator.ActiveCfg = Debug|Any CPU
		{4F02522D-69FE-405B-8938-E988CC70A8DC}.Debug|x64.ActiveCfg = Debug|Any CPU
		{4F02522D-69FE-405B-8938-E988CC70A8DC}.Debug|x64.Build.0 = Debug|Any CPU
		{4F02522D-69FE-405B-8938-E988CC70A8DC}.Debug|x86.ActiveCfg = Debug|Any CPU
		{4F02522D-69FE-405B-8938-E988CC70A8DC}.Debug|x86.Build.0 = Debug|Any CPU
		{4F02522D-69FE-405B-8938-E988CC70A8DC}.Release|Any CPU.ActiveCfg = Release|Any CPU
		{4F02522D-69FE-405B-8938-E988CC70A8DC}.Release|Any CPU.Build.0 = Release|Any CPU
		{4F02522D-69FE-405B-8938-E988CC70A8DC}.Release|iPhone.ActiveCfg = Release|Any CPU
		{4F02522D-69FE-405B-8938-E988CC70A8DC}.Release|iPhoneSimulator.ActiveCfg = Release|Any CPU
		{4F02522D-69FE-405B-8938-E988CC70A8DC}.Release|x64.ActiveCfg = Release|Any CPU
		{4F02522D-69FE-405B-8938-E988CC70A8DC}.Release|x64.Build.0 = Release|Any CPU
		{4F02522D-69FE-405B-8938-E988CC70A8DC}.Release|x86.ActiveCfg = Release|Any CPU
		{4F02522D-69FE-405B-8938-E988CC70A8DC}.Release|x86.Build.0 = Release|Any CPU
		{557CFCA2-C11D-41D8-91C2-19D7784987E7}.Debug|Any CPU.ActiveCfg = Debug|Any CPU
		{557CFCA2-C11D-41D8-91C2-19D7784987E7}.Debug|Any CPU.Build.0 = Debug|Any CPU
		{557CFCA2-C11D-41D8-91C2-19D7784987E7}.Debug|iPhone.ActiveCfg = Debug|Any CPU
		{557CFCA2-C11D-41D8-91C2-19D7784987E7}.Debug|iPhoneSimulator.ActiveCfg = Debug|Any CPU
		{557CFCA2-C11D-41D8-91C2-19D7784987E7}.Debug|x64.ActiveCfg = Debug|Any CPU
		{557CFCA2-C11D-41D8-91C2-19D7784987E7}.Debug|x64.Build.0 = Debug|Any CPU
		{557CFCA2-C11D-41D8-91C2-19D7784987E7}.Debug|x86.ActiveCfg = Debug|Any CPU
		{557CFCA2-C11D-41D8-91C2-19D7784987E7}.Debug|x86.Build.0 = Debug|Any CPU
		{557CFCA2-C11D-41D8-91C2-19D7784987E7}.Release|Any CPU.ActiveCfg = Release|Any CPU
		{557CFCA2-C11D-41D8-91C2-19D7784987E7}.Release|Any CPU.Build.0 = Release|Any CPU
		{557CFCA2-C11D-41D8-91C2-19D7784987E7}.Release|iPhone.ActiveCfg = Release|Any CPU
		{557CFCA2-C11D-41D8-91C2-19D7784987E7}.Release|iPhoneSimulator.ActiveCfg = Release|Any CPU
		{557CFCA2-C11D-41D8-91C2-19D7784987E7}.Release|x64.ActiveCfg = Release|Any CPU
		{557CFCA2-C11D-41D8-91C2-19D7784987E7}.Release|x64.Build.0 = Release|Any CPU
		{557CFCA2-C11D-41D8-91C2-19D7784987E7}.Release|x86.ActiveCfg = Release|Any CPU
		{557CFCA2-C11D-41D8-91C2-19D7784987E7}.Release|x86.Build.0 = Release|Any CPU
		{A55C1FBD-AF89-4EA3-A03A-960569091561}.Debug|Any CPU.ActiveCfg = Debug|Any CPU
		{A55C1FBD-AF89-4EA3-A03A-960569091561}.Debug|Any CPU.Build.0 = Debug|Any CPU
		{A55C1FBD-AF89-4EA3-A03A-960569091561}.Debug|iPhone.ActiveCfg = Debug|Any CPU
		{A55C1FBD-AF89-4EA3-A03A-960569091561}.Debug|iPhoneSimulator.ActiveCfg = Debug|Any CPU
		{A55C1FBD-AF89-4EA3-A03A-960569091561}.Debug|x64.ActiveCfg = Debug|Any CPU
		{A55C1FBD-AF89-4EA3-A03A-960569091561}.Debug|x64.Build.0 = Debug|Any CPU
		{A55C1FBD-AF89-4EA3-A03A-960569091561}.Debug|x86.ActiveCfg = Debug|Any CPU
		{A55C1FBD-AF89-4EA3-A03A-960569091561}.Debug|x86.Build.0 = Debug|Any CPU
		{A55C1FBD-AF89-4EA3-A03A-960569091561}.Release|Any CPU.ActiveCfg = Release|Any CPU
		{A55C1FBD-AF89-4EA3-A03A-960569091561}.Release|Any CPU.Build.0 = Release|Any CPU
		{A55C1FBD-AF89-4EA3-A03A-960569091561}.Release|iPhone.ActiveCfg = Release|Any CPU
		{A55C1FBD-AF89-4EA3-A03A-960569091561}.Release|iPhoneSimulator.ActiveCfg = Release|Any CPU
		{A55C1FBD-AF89-4EA3-A03A-960569091561}.Release|x64.ActiveCfg = Release|Any CPU
		{A55C1FBD-AF89-4EA3-A03A-960569091561}.Release|x64.Build.0 = Release|Any CPU
		{A55C1FBD-AF89-4EA3-A03A-960569091561}.Release|x86.ActiveCfg = Release|Any CPU
		{A55C1FBD-AF89-4EA3-A03A-960569091561}.Release|x86.Build.0 = Release|Any CPU
		{106467C2-668C-46C5-9B7C-E5EB5E496D18}.Debug|Any CPU.ActiveCfg = Debug|Any CPU
		{106467C2-668C-46C5-9B7C-E5EB5E496D18}.Debug|Any CPU.Build.0 = Debug|Any CPU
		{106467C2-668C-46C5-9B7C-E5EB5E496D18}.Debug|iPhone.ActiveCfg = Debug|Any CPU
		{106467C2-668C-46C5-9B7C-E5EB5E496D18}.Debug|iPhoneSimulator.ActiveCfg = Debug|Any CPU
		{106467C2-668C-46C5-9B7C-E5EB5E496D18}.Debug|x64.ActiveCfg = Debug|Any CPU
		{106467C2-668C-46C5-9B7C-E5EB5E496D18}.Debug|x64.Build.0 = Debug|Any CPU
		{106467C2-668C-46C5-9B7C-E5EB5E496D18}.Debug|x86.ActiveCfg = Debug|Any CPU
		{106467C2-668C-46C5-9B7C-E5EB5E496D18}.Debug|x86.Build.0 = Debug|Any CPU
		{106467C2-668C-46C5-9B7C-E5EB5E496D18}.Release|Any CPU.ActiveCfg = Release|Any CPU
		{106467C2-668C-46C5-9B7C-E5EB5E496D18}.Release|Any CPU.Build.0 = Release|Any CPU
		{106467C2-668C-46C5-9B7C-E5EB5E496D18}.Release|iPhone.ActiveCfg = Release|Any CPU
		{106467C2-668C-46C5-9B7C-E5EB5E496D18}.Release|iPhoneSimulator.ActiveCfg = Release|Any CPU
		{106467C2-668C-46C5-9B7C-E5EB5E496D18}.Release|x64.ActiveCfg = Release|Any CPU
		{106467C2-668C-46C5-9B7C-E5EB5E496D18}.Release|x64.Build.0 = Release|Any CPU
		{106467C2-668C-46C5-9B7C-E5EB5E496D18}.Release|x86.ActiveCfg = Release|Any CPU
		{106467C2-668C-46C5-9B7C-E5EB5E496D18}.Release|x86.Build.0 = Release|Any CPU
		{7042333D-0DCB-46E7-9F6A-0073BD0CC8EB}.Debug|Any CPU.ActiveCfg = Debug|Any CPU
		{7042333D-0DCB-46E7-9F6A-0073BD0CC8EB}.Debug|Any CPU.Build.0 = Debug|Any CPU
		{7042333D-0DCB-46E7-9F6A-0073BD0CC8EB}.Debug|iPhone.ActiveCfg = Debug|Any CPU
		{7042333D-0DCB-46E7-9F6A-0073BD0CC8EB}.Debug|iPhoneSimulator.ActiveCfg = Debug|Any CPU
		{7042333D-0DCB-46E7-9F6A-0073BD0CC8EB}.Debug|x64.ActiveCfg = Debug|Any CPU
		{7042333D-0DCB-46E7-9F6A-0073BD0CC8EB}.Debug|x64.Build.0 = Debug|Any CPU
		{7042333D-0DCB-46E7-9F6A-0073BD0CC8EB}.Debug|x86.ActiveCfg = Debug|Any CPU
		{7042333D-0DCB-46E7-9F6A-0073BD0CC8EB}.Debug|x86.Build.0 = Debug|Any CPU
		{7042333D-0DCB-46E7-9F6A-0073BD0CC8EB}.Release|Any CPU.ActiveCfg = Release|Any CPU
		{7042333D-0DCB-46E7-9F6A-0073BD0CC8EB}.Release|Any CPU.Build.0 = Release|Any CPU
		{7042333D-0DCB-46E7-9F6A-0073BD0CC8EB}.Release|iPhone.ActiveCfg = Release|Any CPU
		{7042333D-0DCB-46E7-9F6A-0073BD0CC8EB}.Release|iPhoneSimulator.ActiveCfg = Release|Any CPU
		{7042333D-0DCB-46E7-9F6A-0073BD0CC8EB}.Release|x64.ActiveCfg = Release|Any CPU
		{7042333D-0DCB-46E7-9F6A-0073BD0CC8EB}.Release|x64.Build.0 = Release|Any CPU
		{7042333D-0DCB-46E7-9F6A-0073BD0CC8EB}.Release|x86.ActiveCfg = Release|Any CPU
		{7042333D-0DCB-46E7-9F6A-0073BD0CC8EB}.Release|x86.Build.0 = Release|Any CPU
		{0448B784-B902-495E-AFE3-CE341C63B746}.Debug|Any CPU.ActiveCfg = Debug|Any CPU
		{0448B784-B902-495E-AFE3-CE341C63B746}.Debug|Any CPU.Build.0 = Debug|Any CPU
		{0448B784-B902-495E-AFE3-CE341C63B746}.Debug|iPhone.ActiveCfg = Debug|Any CPU
		{0448B784-B902-495E-AFE3-CE341C63B746}.Debug|iPhoneSimulator.ActiveCfg = Debug|Any CPU
		{0448B784-B902-495E-AFE3-CE341C63B746}.Debug|x64.ActiveCfg = Debug|Any CPU
		{0448B784-B902-495E-AFE3-CE341C63B746}.Debug|x64.Build.0 = Debug|Any CPU
		{0448B784-B902-495E-AFE3-CE341C63B746}.Debug|x86.ActiveCfg = Debug|Any CPU
		{0448B784-B902-495E-AFE3-CE341C63B746}.Debug|x86.Build.0 = Debug|Any CPU
		{0448B784-B902-495E-AFE3-CE341C63B746}.Release|Any CPU.ActiveCfg = Release|Any CPU
		{0448B784-B902-495E-AFE3-CE341C63B746}.Release|Any CPU.Build.0 = Release|Any CPU
		{0448B784-B902-495E-AFE3-CE341C63B746}.Release|iPhone.ActiveCfg = Release|Any CPU
		{0448B784-B902-495E-AFE3-CE341C63B746}.Release|iPhoneSimulator.ActiveCfg = Release|Any CPU
		{0448B784-B902-495E-AFE3-CE341C63B746}.Release|x64.ActiveCfg = Release|Any CPU
		{0448B784-B902-495E-AFE3-CE341C63B746}.Release|x64.Build.0 = Release|Any CPU
		{0448B784-B902-495E-AFE3-CE341C63B746}.Release|x86.ActiveCfg = Release|Any CPU
		{0448B784-B902-495E-AFE3-CE341C63B746}.Release|x86.Build.0 = Release|Any CPU
		{39123A38-E3DC-4923-A076-8215F1C5318D}.Debug|Any CPU.ActiveCfg = Debug|Any CPU
		{39123A38-E3DC-4923-A076-8215F1C5318D}.Debug|Any CPU.Build.0 = Debug|Any CPU
		{39123A38-E3DC-4923-A076-8215F1C5318D}.Debug|iPhone.ActiveCfg = Debug|Any CPU
		{39123A38-E3DC-4923-A076-8215F1C5318D}.Debug|iPhoneSimulator.ActiveCfg = Debug|Any CPU
		{39123A38-E3DC-4923-A076-8215F1C5318D}.Debug|x64.ActiveCfg = Debug|Any CPU
		{39123A38-E3DC-4923-A076-8215F1C5318D}.Debug|x64.Build.0 = Debug|Any CPU
		{39123A38-E3DC-4923-A076-8215F1C5318D}.Debug|x86.ActiveCfg = Debug|Any CPU
		{39123A38-E3DC-4923-A076-8215F1C5318D}.Debug|x86.Build.0 = Debug|Any CPU
		{39123A38-E3DC-4923-A076-8215F1C5318D}.Release|Any CPU.ActiveCfg = Release|Any CPU
		{39123A38-E3DC-4923-A076-8215F1C5318D}.Release|Any CPU.Build.0 = Release|Any CPU
		{39123A38-E3DC-4923-A076-8215F1C5318D}.Release|iPhone.ActiveCfg = Release|Any CPU
		{39123A38-E3DC-4923-A076-8215F1C5318D}.Release|iPhoneSimulator.ActiveCfg = Release|Any CPU
		{39123A38-E3DC-4923-A076-8215F1C5318D}.Release|x64.ActiveCfg = Release|Any CPU
		{39123A38-E3DC-4923-A076-8215F1C5318D}.Release|x64.Build.0 = Release|Any CPU
		{39123A38-E3DC-4923-A076-8215F1C5318D}.Release|x86.ActiveCfg = Release|Any CPU
		{39123A38-E3DC-4923-A076-8215F1C5318D}.Release|x86.Build.0 = Release|Any CPU
		{CF9C38E0-41C4-45CC-88AF-5139233174E9}.Debug|Any CPU.ActiveCfg = Debug|Any CPU
		{CF9C38E0-41C4-45CC-88AF-5139233174E9}.Debug|Any CPU.Build.0 = Debug|Any CPU
		{CF9C38E0-41C4-45CC-88AF-5139233174E9}.Debug|iPhone.ActiveCfg = Debug|Any CPU
		{CF9C38E0-41C4-45CC-88AF-5139233174E9}.Debug|iPhoneSimulator.ActiveCfg = Debug|Any CPU
		{CF9C38E0-41C4-45CC-88AF-5139233174E9}.Debug|x64.ActiveCfg = Debug|Any CPU
		{CF9C38E0-41C4-45CC-88AF-5139233174E9}.Debug|x64.Build.0 = Debug|Any CPU
		{CF9C38E0-41C4-45CC-88AF-5139233174E9}.Debug|x86.ActiveCfg = Debug|Any CPU
		{CF9C38E0-41C4-45CC-88AF-5139233174E9}.Debug|x86.Build.0 = Debug|Any CPU
		{CF9C38E0-41C4-45CC-88AF-5139233174E9}.Release|Any CPU.ActiveCfg = Release|Any CPU
		{CF9C38E0-41C4-45CC-88AF-5139233174E9}.Release|Any CPU.Build.0 = Release|Any CPU
		{CF9C38E0-41C4-45CC-88AF-5139233174E9}.Release|iPhone.ActiveCfg = Release|Any CPU
		{CF9C38E0-41C4-45CC-88AF-5139233174E9}.Release|iPhoneSimulator.ActiveCfg = Release|Any CPU
		{CF9C38E0-41C4-45CC-88AF-5139233174E9}.Release|x64.ActiveCfg = Release|Any CPU
		{CF9C38E0-41C4-45CC-88AF-5139233174E9}.Release|x64.Build.0 = Release|Any CPU
		{CF9C38E0-41C4-45CC-88AF-5139233174E9}.Release|x86.ActiveCfg = Release|Any CPU
		{CF9C38E0-41C4-45CC-88AF-5139233174E9}.Release|x86.Build.0 = Release|Any CPU
		{919C25EE-8A30-429E-8ABC-A8B10683965A}.Debug|Any CPU.ActiveCfg = Debug|Any CPU
		{919C25EE-8A30-429E-8ABC-A8B10683965A}.Debug|Any CPU.Build.0 = Debug|Any CPU
		{919C25EE-8A30-429E-8ABC-A8B10683965A}.Debug|iPhone.ActiveCfg = Debug|Any CPU
		{919C25EE-8A30-429E-8ABC-A8B10683965A}.Debug|iPhoneSimulator.ActiveCfg = Debug|Any CPU
		{919C25EE-8A30-429E-8ABC-A8B10683965A}.Debug|x64.ActiveCfg = Debug|Any CPU
		{919C25EE-8A30-429E-8ABC-A8B10683965A}.Debug|x64.Build.0 = Debug|Any CPU
		{919C25EE-8A30-429E-8ABC-A8B10683965A}.Debug|x86.ActiveCfg = Debug|Any CPU
		{919C25EE-8A30-429E-8ABC-A8B10683965A}.Debug|x86.Build.0 = Debug|Any CPU
		{919C25EE-8A30-429E-8ABC-A8B10683965A}.Release|Any CPU.ActiveCfg = Release|Any CPU
		{919C25EE-8A30-429E-8ABC-A8B10683965A}.Release|Any CPU.Build.0 = Release|Any CPU
		{919C25EE-8A30-429E-8ABC-A8B10683965A}.Release|iPhone.ActiveCfg = Release|Any CPU
		{919C25EE-8A30-429E-8ABC-A8B10683965A}.Release|iPhoneSimulator.ActiveCfg = Release|Any CPU
		{919C25EE-8A30-429E-8ABC-A8B10683965A}.Release|x64.ActiveCfg = Release|Any CPU
		{919C25EE-8A30-429E-8ABC-A8B10683965A}.Release|x64.Build.0 = Release|Any CPU
		{919C25EE-8A30-429E-8ABC-A8B10683965A}.Release|x86.ActiveCfg = Release|Any CPU
		{919C25EE-8A30-429E-8ABC-A8B10683965A}.Release|x86.Build.0 = Release|Any CPU
		{D0B0FADF-AF49-4F53-8503-51293A0CE854}.Debug|Any CPU.ActiveCfg = Debug|Any CPU
		{D0B0FADF-AF49-4F53-8503-51293A0CE854}.Debug|Any CPU.Build.0 = Debug|Any CPU
		{D0B0FADF-AF49-4F53-8503-51293A0CE854}.Debug|iPhone.ActiveCfg = Debug|Any CPU
		{D0B0FADF-AF49-4F53-8503-51293A0CE854}.Debug|iPhoneSimulator.ActiveCfg = Debug|Any CPU
		{D0B0FADF-AF49-4F53-8503-51293A0CE854}.Debug|x64.ActiveCfg = Debug|Any CPU
		{D0B0FADF-AF49-4F53-8503-51293A0CE854}.Debug|x64.Build.0 = Debug|Any CPU
		{D0B0FADF-AF49-4F53-8503-51293A0CE854}.Debug|x86.ActiveCfg = Debug|Any CPU
		{D0B0FADF-AF49-4F53-8503-51293A0CE854}.Debug|x86.Build.0 = Debug|Any CPU
		{D0B0FADF-AF49-4F53-8503-51293A0CE854}.Release|Any CPU.ActiveCfg = Release|Any CPU
		{D0B0FADF-AF49-4F53-8503-51293A0CE854}.Release|Any CPU.Build.0 = Release|Any CPU
		{D0B0FADF-AF49-4F53-8503-51293A0CE854}.Release|iPhone.ActiveCfg = Release|Any CPU
		{D0B0FADF-AF49-4F53-8503-51293A0CE854}.Release|iPhoneSimulator.ActiveCfg = Release|Any CPU
		{D0B0FADF-AF49-4F53-8503-51293A0CE854}.Release|x64.ActiveCfg = Release|Any CPU
		{D0B0FADF-AF49-4F53-8503-51293A0CE854}.Release|x64.Build.0 = Release|Any CPU
		{D0B0FADF-AF49-4F53-8503-51293A0CE854}.Release|x86.ActiveCfg = Release|Any CPU
		{D0B0FADF-AF49-4F53-8503-51293A0CE854}.Release|x86.Build.0 = Release|Any CPU
		{B8132FFF-BA7F-4A24-A511-B39257BCC9AB}.Debug|Any CPU.ActiveCfg = Debug|Any CPU
		{B8132FFF-BA7F-4A24-A511-B39257BCC9AB}.Debug|Any CPU.Build.0 = Debug|Any CPU
		{B8132FFF-BA7F-4A24-A511-B39257BCC9AB}.Debug|iPhone.ActiveCfg = Debug|Any CPU
		{B8132FFF-BA7F-4A24-A511-B39257BCC9AB}.Debug|iPhoneSimulator.ActiveCfg = Debug|Any CPU
		{B8132FFF-BA7F-4A24-A511-B39257BCC9AB}.Debug|x64.ActiveCfg = Debug|Any CPU
		{B8132FFF-BA7F-4A24-A511-B39257BCC9AB}.Debug|x64.Build.0 = Debug|Any CPU
		{B8132FFF-BA7F-4A24-A511-B39257BCC9AB}.Debug|x86.ActiveCfg = Debug|Any CPU
		{B8132FFF-BA7F-4A24-A511-B39257BCC9AB}.Debug|x86.Build.0 = Debug|Any CPU
		{B8132FFF-BA7F-4A24-A511-B39257BCC9AB}.Release|Any CPU.ActiveCfg = Release|Any CPU
		{B8132FFF-BA7F-4A24-A511-B39257BCC9AB}.Release|Any CPU.Build.0 = Release|Any CPU
		{B8132FFF-BA7F-4A24-A511-B39257BCC9AB}.Release|iPhone.ActiveCfg = Release|Any CPU
		{B8132FFF-BA7F-4A24-A511-B39257BCC9AB}.Release|iPhoneSimulator.ActiveCfg = Release|Any CPU
		{B8132FFF-BA7F-4A24-A511-B39257BCC9AB}.Release|x64.ActiveCfg = Release|Any CPU
		{B8132FFF-BA7F-4A24-A511-B39257BCC9AB}.Release|x64.Build.0 = Release|Any CPU
		{B8132FFF-BA7F-4A24-A511-B39257BCC9AB}.Release|x86.ActiveCfg = Release|Any CPU
		{B8132FFF-BA7F-4A24-A511-B39257BCC9AB}.Release|x86.Build.0 = Release|Any CPU
		{FD89DCC9-4643-4A2D-B723-A878598BCB12}.Debug|Any CPU.ActiveCfg = Debug|Any CPU
		{FD89DCC9-4643-4A2D-B723-A878598BCB12}.Debug|Any CPU.Build.0 = Debug|Any CPU
		{FD89DCC9-4643-4A2D-B723-A878598BCB12}.Debug|iPhone.ActiveCfg = Debug|Any CPU
		{FD89DCC9-4643-4A2D-B723-A878598BCB12}.Debug|iPhoneSimulator.ActiveCfg = Debug|Any CPU
		{FD89DCC9-4643-4A2D-B723-A878598BCB12}.Debug|x64.ActiveCfg = Debug|Any CPU
		{FD89DCC9-4643-4A2D-B723-A878598BCB12}.Debug|x64.Build.0 = Debug|Any CPU
		{FD89DCC9-4643-4A2D-B723-A878598BCB12}.Debug|x86.ActiveCfg = Debug|Any CPU
		{FD89DCC9-4643-4A2D-B723-A878598BCB12}.Debug|x86.Build.0 = Debug|Any CPU
		{FD89DCC9-4643-4A2D-B723-A878598BCB12}.Release|Any CPU.ActiveCfg = Release|Any CPU
		{FD89DCC9-4643-4A2D-B723-A878598BCB12}.Release|Any CPU.Build.0 = Release|Any CPU
		{FD89DCC9-4643-4A2D-B723-A878598BCB12}.Release|iPhone.ActiveCfg = Release|Any CPU
		{FD89DCC9-4643-4A2D-B723-A878598BCB12}.Release|iPhoneSimulator.ActiveCfg = Release|Any CPU
		{FD89DCC9-4643-4A2D-B723-A878598BCB12}.Release|x64.ActiveCfg = Release|Any CPU
		{FD89DCC9-4643-4A2D-B723-A878598BCB12}.Release|x64.Build.0 = Release|Any CPU
		{FD89DCC9-4643-4A2D-B723-A878598BCB12}.Release|x86.ActiveCfg = Release|Any CPU
		{FD89DCC9-4643-4A2D-B723-A878598BCB12}.Release|x86.Build.0 = Release|Any CPU
		{ECC67DD4-6230-464E-9AEC-1B051F1A171E}.Debug|Any CPU.ActiveCfg = Debug|Any CPU
		{ECC67DD4-6230-464E-9AEC-1B051F1A171E}.Debug|Any CPU.Build.0 = Debug|Any CPU
		{ECC67DD4-6230-464E-9AEC-1B051F1A171E}.Debug|iPhone.ActiveCfg = Debug|Any CPU
		{ECC67DD4-6230-464E-9AEC-1B051F1A171E}.Debug|iPhoneSimulator.ActiveCfg = Debug|Any CPU
		{ECC67DD4-6230-464E-9AEC-1B051F1A171E}.Debug|x64.ActiveCfg = Debug|Any CPU
		{ECC67DD4-6230-464E-9AEC-1B051F1A171E}.Debug|x64.Build.0 = Debug|Any CPU
		{ECC67DD4-6230-464E-9AEC-1B051F1A171E}.Debug|x86.ActiveCfg = Debug|Any CPU
		{ECC67DD4-6230-464E-9AEC-1B051F1A171E}.Debug|x86.Build.0 = Debug|Any CPU
		{ECC67DD4-6230-464E-9AEC-1B051F1A171E}.Release|Any CPU.ActiveCfg = Release|Any CPU
		{ECC67DD4-6230-464E-9AEC-1B051F1A171E}.Release|Any CPU.Build.0 = Release|Any CPU
		{ECC67DD4-6230-464E-9AEC-1B051F1A171E}.Release|iPhone.ActiveCfg = Release|Any CPU
		{ECC67DD4-6230-464E-9AEC-1B051F1A171E}.Release|iPhoneSimulator.ActiveCfg = Release|Any CPU
		{ECC67DD4-6230-464E-9AEC-1B051F1A171E}.Release|x64.ActiveCfg = Release|Any CPU
		{ECC67DD4-6230-464E-9AEC-1B051F1A171E}.Release|x64.Build.0 = Release|Any CPU
		{ECC67DD4-6230-464E-9AEC-1B051F1A171E}.Release|x86.ActiveCfg = Release|Any CPU
		{ECC67DD4-6230-464E-9AEC-1B051F1A171E}.Release|x86.Build.0 = Release|Any CPU
		{9B62521E-010B-4B79-826D-57C38DC4BED2}.Debug|Any CPU.ActiveCfg = Debug|Any CPU
		{9B62521E-010B-4B79-826D-57C38DC4BED2}.Debug|Any CPU.Build.0 = Debug|Any CPU
		{9B62521E-010B-4B79-826D-57C38DC4BED2}.Debug|iPhone.ActiveCfg = Debug|Any CPU
		{9B62521E-010B-4B79-826D-57C38DC4BED2}.Debug|iPhoneSimulator.ActiveCfg = Debug|Any CPU
		{9B62521E-010B-4B79-826D-57C38DC4BED2}.Debug|x64.ActiveCfg = Debug|Any CPU
		{9B62521E-010B-4B79-826D-57C38DC4BED2}.Debug|x64.Build.0 = Debug|Any CPU
		{9B62521E-010B-4B79-826D-57C38DC4BED2}.Debug|x86.ActiveCfg = Debug|Any CPU
		{9B62521E-010B-4B79-826D-57C38DC4BED2}.Debug|x86.Build.0 = Debug|Any CPU
		{9B62521E-010B-4B79-826D-57C38DC4BED2}.Release|Any CPU.ActiveCfg = Release|Any CPU
		{9B62521E-010B-4B79-826D-57C38DC4BED2}.Release|Any CPU.Build.0 = Release|Any CPU
		{9B62521E-010B-4B79-826D-57C38DC4BED2}.Release|iPhone.ActiveCfg = Release|Any CPU
		{9B62521E-010B-4B79-826D-57C38DC4BED2}.Release|iPhoneSimulator.ActiveCfg = Release|Any CPU
		{9B62521E-010B-4B79-826D-57C38DC4BED2}.Release|x64.ActiveCfg = Release|Any CPU
		{9B62521E-010B-4B79-826D-57C38DC4BED2}.Release|x64.Build.0 = Release|Any CPU
		{9B62521E-010B-4B79-826D-57C38DC4BED2}.Release|x86.ActiveCfg = Release|Any CPU
		{9B62521E-010B-4B79-826D-57C38DC4BED2}.Release|x86.Build.0 = Release|Any CPU
		{D9D542B6-9D4E-4683-A84F-14D99F008E0C}.Debug|Any CPU.ActiveCfg = Debug|Any CPU
		{D9D542B6-9D4E-4683-A84F-14D99F008E0C}.Debug|Any CPU.Build.0 = Debug|Any CPU
		{D9D542B6-9D4E-4683-A84F-14D99F008E0C}.Debug|iPhone.ActiveCfg = Debug|Any CPU
		{D9D542B6-9D4E-4683-A84F-14D99F008E0C}.Debug|iPhoneSimulator.ActiveCfg = Debug|Any CPU
		{D9D542B6-9D4E-4683-A84F-14D99F008E0C}.Debug|x64.ActiveCfg = Debug|Any CPU
		{D9D542B6-9D4E-4683-A84F-14D99F008E0C}.Debug|x64.Build.0 = Debug|Any CPU
		{D9D542B6-9D4E-4683-A84F-14D99F008E0C}.Debug|x86.ActiveCfg = Debug|Any CPU
		{D9D542B6-9D4E-4683-A84F-14D99F008E0C}.Debug|x86.Build.0 = Debug|Any CPU
		{D9D542B6-9D4E-4683-A84F-14D99F008E0C}.Release|Any CPU.ActiveCfg = Release|Any CPU
		{D9D542B6-9D4E-4683-A84F-14D99F008E0C}.Release|Any CPU.Build.0 = Release|Any CPU
		{D9D542B6-9D4E-4683-A84F-14D99F008E0C}.Release|iPhone.ActiveCfg = Release|Any CPU
		{D9D542B6-9D4E-4683-A84F-14D99F008E0C}.Release|iPhoneSimulator.ActiveCfg = Release|Any CPU
		{D9D542B6-9D4E-4683-A84F-14D99F008E0C}.Release|x64.ActiveCfg = Release|Any CPU
		{D9D542B6-9D4E-4683-A84F-14D99F008E0C}.Release|x64.Build.0 = Release|Any CPU
		{D9D542B6-9D4E-4683-A84F-14D99F008E0C}.Release|x86.ActiveCfg = Release|Any CPU
		{D9D542B6-9D4E-4683-A84F-14D99F008E0C}.Release|x86.Build.0 = Release|Any CPU
		{F9130E13-E616-4F41-913D-27148475F734}.Debug|Any CPU.ActiveCfg = Debug|Any CPU
		{F9130E13-E616-4F41-913D-27148475F734}.Debug|Any CPU.Build.0 = Debug|Any CPU
		{F9130E13-E616-4F41-913D-27148475F734}.Debug|iPhone.ActiveCfg = Debug|Any CPU
		{F9130E13-E616-4F41-913D-27148475F734}.Debug|iPhoneSimulator.ActiveCfg = Debug|Any CPU
		{F9130E13-E616-4F41-913D-27148475F734}.Debug|x64.ActiveCfg = Debug|Any CPU
		{F9130E13-E616-4F41-913D-27148475F734}.Debug|x64.Build.0 = Debug|Any CPU
		{F9130E13-E616-4F41-913D-27148475F734}.Debug|x86.ActiveCfg = Debug|Any CPU
		{F9130E13-E616-4F41-913D-27148475F734}.Debug|x86.Build.0 = Debug|Any CPU
		{F9130E13-E616-4F41-913D-27148475F734}.Release|Any CPU.ActiveCfg = Release|Any CPU
		{F9130E13-E616-4F41-913D-27148475F734}.Release|Any CPU.Build.0 = Release|Any CPU
		{F9130E13-E616-4F41-913D-27148475F734}.Release|iPhone.ActiveCfg = Release|Any CPU
		{F9130E13-E616-4F41-913D-27148475F734}.Release|iPhoneSimulator.ActiveCfg = Release|Any CPU
		{F9130E13-E616-4F41-913D-27148475F734}.Release|x64.ActiveCfg = Release|Any CPU
		{F9130E13-E616-4F41-913D-27148475F734}.Release|x64.Build.0 = Release|Any CPU
		{F9130E13-E616-4F41-913D-27148475F734}.Release|x86.ActiveCfg = Release|Any CPU
		{F9130E13-E616-4F41-913D-27148475F734}.Release|x86.Build.0 = Release|Any CPU
		{9DC13D73-E341-4FE7-840C-78B4C402E264}.Debug|Any CPU.ActiveCfg = Debug|Any CPU
		{9DC13D73-E341-4FE7-840C-78B4C402E264}.Debug|Any CPU.Build.0 = Debug|Any CPU
		{9DC13D73-E341-4FE7-840C-78B4C402E264}.Debug|iPhone.ActiveCfg = Debug|Any CPU
		{9DC13D73-E341-4FE7-840C-78B4C402E264}.Debug|iPhone.Build.0 = Debug|Any CPU
		{9DC13D73-E341-4FE7-840C-78B4C402E264}.Debug|iPhoneSimulator.ActiveCfg = Debug|Any CPU
		{9DC13D73-E341-4FE7-840C-78B4C402E264}.Debug|iPhoneSimulator.Build.0 = Debug|Any CPU
		{9DC13D73-E341-4FE7-840C-78B4C402E264}.Debug|x64.ActiveCfg = Debug|Any CPU
		{9DC13D73-E341-4FE7-840C-78B4C402E264}.Debug|x64.Build.0 = Debug|Any CPU
		{9DC13D73-E341-4FE7-840C-78B4C402E264}.Debug|x86.ActiveCfg = Debug|Any CPU
		{9DC13D73-E341-4FE7-840C-78B4C402E264}.Debug|x86.Build.0 = Debug|Any CPU
		{9DC13D73-E341-4FE7-840C-78B4C402E264}.Release|Any CPU.ActiveCfg = Release|Any CPU
		{9DC13D73-E341-4FE7-840C-78B4C402E264}.Release|Any CPU.Build.0 = Release|Any CPU
		{9DC13D73-E341-4FE7-840C-78B4C402E264}.Release|iPhone.ActiveCfg = Release|Any CPU
		{9DC13D73-E341-4FE7-840C-78B4C402E264}.Release|iPhone.Build.0 = Release|Any CPU
		{9DC13D73-E341-4FE7-840C-78B4C402E264}.Release|iPhoneSimulator.ActiveCfg = Release|Any CPU
		{9DC13D73-E341-4FE7-840C-78B4C402E264}.Release|iPhoneSimulator.Build.0 = Release|Any CPU
		{9DC13D73-E341-4FE7-840C-78B4C402E264}.Release|x64.ActiveCfg = Release|Any CPU
		{9DC13D73-E341-4FE7-840C-78B4C402E264}.Release|x64.Build.0 = Release|Any CPU
		{9DC13D73-E341-4FE7-840C-78B4C402E264}.Release|x86.ActiveCfg = Release|Any CPU
		{9DC13D73-E341-4FE7-840C-78B4C402E264}.Release|x86.Build.0 = Release|Any CPU
		{22F167E9-5164-4B3C-A461-A4407985EAFA}.Debug|Any CPU.ActiveCfg = Debug|Any CPU
		{22F167E9-5164-4B3C-A461-A4407985EAFA}.Debug|Any CPU.Build.0 = Debug|Any CPU
		{22F167E9-5164-4B3C-A461-A4407985EAFA}.Debug|iPhone.ActiveCfg = Debug|Any CPU
		{22F167E9-5164-4B3C-A461-A4407985EAFA}.Debug|iPhone.Build.0 = Debug|Any CPU
		{22F167E9-5164-4B3C-A461-A4407985EAFA}.Debug|iPhoneSimulator.ActiveCfg = Debug|Any CPU
		{22F167E9-5164-4B3C-A461-A4407985EAFA}.Debug|iPhoneSimulator.Build.0 = Debug|Any CPU
		{22F167E9-5164-4B3C-A461-A4407985EAFA}.Debug|x64.ActiveCfg = Debug|Any CPU
		{22F167E9-5164-4B3C-A461-A4407985EAFA}.Debug|x64.Build.0 = Debug|Any CPU
		{22F167E9-5164-4B3C-A461-A4407985EAFA}.Debug|x86.ActiveCfg = Debug|Any CPU
		{22F167E9-5164-4B3C-A461-A4407985EAFA}.Debug|x86.Build.0 = Debug|Any CPU
		{22F167E9-5164-4B3C-A461-A4407985EAFA}.Release|Any CPU.ActiveCfg = Release|Any CPU
		{22F167E9-5164-4B3C-A461-A4407985EAFA}.Release|Any CPU.Build.0 = Release|Any CPU
		{22F167E9-5164-4B3C-A461-A4407985EAFA}.Release|iPhone.ActiveCfg = Release|Any CPU
		{22F167E9-5164-4B3C-A461-A4407985EAFA}.Release|iPhone.Build.0 = Release|Any CPU
		{22F167E9-5164-4B3C-A461-A4407985EAFA}.Release|iPhoneSimulator.ActiveCfg = Release|Any CPU
		{22F167E9-5164-4B3C-A461-A4407985EAFA}.Release|iPhoneSimulator.Build.0 = Release|Any CPU
		{22F167E9-5164-4B3C-A461-A4407985EAFA}.Release|x64.ActiveCfg = Release|Any CPU
		{22F167E9-5164-4B3C-A461-A4407985EAFA}.Release|x64.Build.0 = Release|Any CPU
		{22F167E9-5164-4B3C-A461-A4407985EAFA}.Release|x86.ActiveCfg = Release|Any CPU
		{22F167E9-5164-4B3C-A461-A4407985EAFA}.Release|x86.Build.0 = Release|Any CPU
		{AC423243-7099-4F9E-BEFA-07F4C635DE45}.Debug|Any CPU.ActiveCfg = Debug|Any CPU
		{AC423243-7099-4F9E-BEFA-07F4C635DE45}.Debug|Any CPU.Build.0 = Debug|Any CPU
		{AC423243-7099-4F9E-BEFA-07F4C635DE45}.Debug|iPhone.ActiveCfg = Debug|Any CPU
		{AC423243-7099-4F9E-BEFA-07F4C635DE45}.Debug|iPhone.Build.0 = Debug|Any CPU
		{AC423243-7099-4F9E-BEFA-07F4C635DE45}.Debug|iPhoneSimulator.ActiveCfg = Debug|Any CPU
		{AC423243-7099-4F9E-BEFA-07F4C635DE45}.Debug|iPhoneSimulator.Build.0 = Debug|Any CPU
		{AC423243-7099-4F9E-BEFA-07F4C635DE45}.Debug|x64.ActiveCfg = Debug|Any CPU
		{AC423243-7099-4F9E-BEFA-07F4C635DE45}.Debug|x64.Build.0 = Debug|Any CPU
		{AC423243-7099-4F9E-BEFA-07F4C635DE45}.Debug|x86.ActiveCfg = Debug|Any CPU
		{AC423243-7099-4F9E-BEFA-07F4C635DE45}.Debug|x86.Build.0 = Debug|Any CPU
		{AC423243-7099-4F9E-BEFA-07F4C635DE45}.Release|Any CPU.ActiveCfg = Release|Any CPU
		{AC423243-7099-4F9E-BEFA-07F4C635DE45}.Release|Any CPU.Build.0 = Release|Any CPU
		{AC423243-7099-4F9E-BEFA-07F4C635DE45}.Release|iPhone.ActiveCfg = Release|Any CPU
		{AC423243-7099-4F9E-BEFA-07F4C635DE45}.Release|iPhone.Build.0 = Release|Any CPU
		{AC423243-7099-4F9E-BEFA-07F4C635DE45}.Release|iPhoneSimulator.ActiveCfg = Release|Any CPU
		{AC423243-7099-4F9E-BEFA-07F4C635DE45}.Release|iPhoneSimulator.Build.0 = Release|Any CPU
		{AC423243-7099-4F9E-BEFA-07F4C635DE45}.Release|x64.ActiveCfg = Release|Any CPU
		{AC423243-7099-4F9E-BEFA-07F4C635DE45}.Release|x64.Build.0 = Release|Any CPU
		{AC423243-7099-4F9E-BEFA-07F4C635DE45}.Release|x86.ActiveCfg = Release|Any CPU
		{AC423243-7099-4F9E-BEFA-07F4C635DE45}.Release|x86.Build.0 = Release|Any CPU
		{5FF325B5-F26D-45A5-A4B4-3D3A56AC3DEC}.Debug|Any CPU.ActiveCfg = Debug|Any CPU
		{5FF325B5-F26D-45A5-A4B4-3D3A56AC3DEC}.Debug|Any CPU.Build.0 = Debug|Any CPU
		{5FF325B5-F26D-45A5-A4B4-3D3A56AC3DEC}.Debug|iPhone.ActiveCfg = Debug|Any CPU
		{5FF325B5-F26D-45A5-A4B4-3D3A56AC3DEC}.Debug|iPhone.Build.0 = Debug|Any CPU
		{5FF325B5-F26D-45A5-A4B4-3D3A56AC3DEC}.Debug|iPhoneSimulator.ActiveCfg = Debug|Any CPU
		{5FF325B5-F26D-45A5-A4B4-3D3A56AC3DEC}.Debug|iPhoneSimulator.Build.0 = Debug|Any CPU
		{5FF325B5-F26D-45A5-A4B4-3D3A56AC3DEC}.Debug|x64.ActiveCfg = Debug|Any CPU
		{5FF325B5-F26D-45A5-A4B4-3D3A56AC3DEC}.Debug|x64.Build.0 = Debug|Any CPU
		{5FF325B5-F26D-45A5-A4B4-3D3A56AC3DEC}.Debug|x86.ActiveCfg = Debug|Any CPU
		{5FF325B5-F26D-45A5-A4B4-3D3A56AC3DEC}.Debug|x86.Build.0 = Debug|Any CPU
		{5FF325B5-F26D-45A5-A4B4-3D3A56AC3DEC}.Release|Any CPU.ActiveCfg = Release|Any CPU
		{5FF325B5-F26D-45A5-A4B4-3D3A56AC3DEC}.Release|Any CPU.Build.0 = Release|Any CPU
		{5FF325B5-F26D-45A5-A4B4-3D3A56AC3DEC}.Release|iPhone.ActiveCfg = Release|Any CPU
		{5FF325B5-F26D-45A5-A4B4-3D3A56AC3DEC}.Release|iPhone.Build.0 = Release|Any CPU
		{5FF325B5-F26D-45A5-A4B4-3D3A56AC3DEC}.Release|iPhoneSimulator.ActiveCfg = Release|Any CPU
		{5FF325B5-F26D-45A5-A4B4-3D3A56AC3DEC}.Release|iPhoneSimulator.Build.0 = Release|Any CPU
		{5FF325B5-F26D-45A5-A4B4-3D3A56AC3DEC}.Release|x64.ActiveCfg = Release|Any CPU
		{5FF325B5-F26D-45A5-A4B4-3D3A56AC3DEC}.Release|x64.Build.0 = Release|Any CPU
		{5FF325B5-F26D-45A5-A4B4-3D3A56AC3DEC}.Release|x86.ActiveCfg = Release|Any CPU
		{5FF325B5-F26D-45A5-A4B4-3D3A56AC3DEC}.Release|x86.Build.0 = Release|Any CPU
		{DDD59B6F-6DEF-42EF-84D3-5C5AAAAB0622}.Debug|Any CPU.ActiveCfg = Debug|Any CPU
		{DDD59B6F-6DEF-42EF-84D3-5C5AAAAB0622}.Debug|Any CPU.Build.0 = Debug|Any CPU
		{DDD59B6F-6DEF-42EF-84D3-5C5AAAAB0622}.Debug|iPhone.ActiveCfg = Debug|Any CPU
		{DDD59B6F-6DEF-42EF-84D3-5C5AAAAB0622}.Debug|iPhone.Build.0 = Debug|Any CPU
		{DDD59B6F-6DEF-42EF-84D3-5C5AAAAB0622}.Debug|iPhoneSimulator.ActiveCfg = Debug|Any CPU
		{DDD59B6F-6DEF-42EF-84D3-5C5AAAAB0622}.Debug|iPhoneSimulator.Build.0 = Debug|Any CPU
		{DDD59B6F-6DEF-42EF-84D3-5C5AAAAB0622}.Debug|x64.ActiveCfg = Debug|Any CPU
		{DDD59B6F-6DEF-42EF-84D3-5C5AAAAB0622}.Debug|x64.Build.0 = Debug|Any CPU
		{DDD59B6F-6DEF-42EF-84D3-5C5AAAAB0622}.Debug|x86.ActiveCfg = Debug|Any CPU
		{DDD59B6F-6DEF-42EF-84D3-5C5AAAAB0622}.Debug|x86.Build.0 = Debug|Any CPU
		{DDD59B6F-6DEF-42EF-84D3-5C5AAAAB0622}.Release|Any CPU.ActiveCfg = Release|Any CPU
		{DDD59B6F-6DEF-42EF-84D3-5C5AAAAB0622}.Release|Any CPU.Build.0 = Release|Any CPU
		{DDD59B6F-6DEF-42EF-84D3-5C5AAAAB0622}.Release|iPhone.ActiveCfg = Release|Any CPU
		{DDD59B6F-6DEF-42EF-84D3-5C5AAAAB0622}.Release|iPhone.Build.0 = Release|Any CPU
		{DDD59B6F-6DEF-42EF-84D3-5C5AAAAB0622}.Release|iPhoneSimulator.ActiveCfg = Release|Any CPU
		{DDD59B6F-6DEF-42EF-84D3-5C5AAAAB0622}.Release|iPhoneSimulator.Build.0 = Release|Any CPU
		{DDD59B6F-6DEF-42EF-84D3-5C5AAAAB0622}.Release|x64.ActiveCfg = Release|Any CPU
		{DDD59B6F-6DEF-42EF-84D3-5C5AAAAB0622}.Release|x64.Build.0 = Release|Any CPU
		{DDD59B6F-6DEF-42EF-84D3-5C5AAAAB0622}.Release|x86.ActiveCfg = Release|Any CPU
		{DDD59B6F-6DEF-42EF-84D3-5C5AAAAB0622}.Release|x86.Build.0 = Release|Any CPU
	EndGlobalSection
	GlobalSection(SolutionProperties) = preSolution
		HideSolutionNode = FALSE
	EndGlobalSection
	GlobalSection(ExtensibilityGlobals) = postSolution
		SolutionGuid = {D9CADB4A-0C66-4779-BCF9-E8D493EF5324}
	EndGlobalSection
EndGlobal
